# This file is automatically @generated by Poetry 1.8.4 and should not be changed by hand.

[[package]]
name = "sqlite-vec"
version = "0.1.6"
description = ""
optional = false
python-versions = "*"
files = [
    {file = "sqlite_vec-0.1.6-py3-none-macosx_10_6_x86_64.whl", hash = "sha256:77491bcaa6d496f2acb5cc0d0ff0b8964434f141523c121e313f9a7d8088dee3"},
    {file = "sqlite_vec-0.1.6-py3-none-macosx_11_0_arm64.whl", hash = "sha256:fdca35f7ee3243668a055255d4dee4dea7eed5a06da8cad409f89facf4595361"},
    {file = "sqlite_vec-0.1.6-py3-none-manylinux_2_17_aarch64.manylinux2014_aarch64.whl", hash = "sha256:7b0519d9cd96164cd2e08e8eed225197f9cd2f0be82cb04567692a0a4be02da3"},
    {file = "sqlite_vec-0.1.6-py3-none-manylinux_2_17_x86_64.manylinux2014_x86_64.manylinux1_x86_64.whl", hash = "sha256:823b0493add80d7fe82ab0fe25df7c0703f4752941aee1c7b2b02cec9656cb24"},
    {file = "sqlite_vec-0.1.6-py3-none-win_amd64.whl", hash = "sha256:c65bcfd90fa2f41f9000052bcb8bb75d38240b2dae49225389eca6c3136d3f0c"},
]

[metadata]
lock-version = "2.0"
python-versions = "^3.12"
content-hash = "a3ac0d933916bc0e5139cd88fedfe8e1f59c75c2b96ef53fda608170f72f2e0a"
